
Microsoft Visual Studio Solution File, Format Version 12.00
# Visual Studio 15
VisualStudioVersion = 15.0.27130.2036
MinimumVisualStudioVersion = 10.0.40219.1
Project("{FAE04EC0-301F-11D3-BF4B-00C04F79EFBC}") = "CoveringTask", "CoveringTask\CoveringTask.csproj", "{BDBF6962-FA3D-4A0E-9DF7-08A49B0E23C7}"
EndProject
Global
	GlobalSection(SolutionConfigurationPlatforms) = preSolution
		Debug|Any CPU = Debug|Any CPU
		Release|Any CPU = Release|Any CPU
	EndGlobalSection
	GlobalSection(ProjectConfigurationPlatforms) = postSolution
		{BDBF6962-FA3D-4A0E-9DF7-08A49B0E23C7}.Debug|Any CPU.ActiveCfg = Debug|Any CPU
		{BDBF6962-FA3D-4A0E-9DF7-08A49B0E23C7}.Debug|Any CPU.Build.0 = Debug|Any CPU
		{BDBF6962-FA3D-4A0E-9DF7-08A49B0E23C7}.Release|Any CPU.ActiveCfg = Release|Any CPU
		{BDBF6962-FA3D-4A0E-9DF7-08A49B0E23C7}.Release|Any CPU.Build.0 = Release|Any CPU
	EndGlobalSection
	GlobalSection(SolutionProperties) = preSolution
		HideSolutionNode = FALSE
	EndGlobalSection
	GlobalSection(ExtensibilityGlobals) = postSolution
		SolutionGuid = {0211126E-9514-44F2-BA77-FEB9A86CA604}
	EndGlobalSection
EndGlobal
